
Microsoft Visual Studio Solution File, Format Version 12.00
# Visual Studio Version 16
VisualStudioVersion = 25.0.1704.0
MinimumVisualStudioVersion = 10.0.40219.1
Project("{2150E333-8FDC-42A3-9474-1A3956D46DE8}") = "src", "src", "{2FA3D992-197F-41CC-9041-67BE35BE9CC2}"
EndProject
Project("{2150E333-8FDC-42A3-9474-1A3956D46DE8}") = "tests", "tests", "{63652ACC-BAD8-4ABA-98A0-E97EE0EC8AA5}"
EndProject
Project("{FAE04EC0-301F-11D3-BF4B-00C04F79EFBC}") = "OnlineShop.Domain", "src\OnlineShop.Domain\OnlineShop.Domain.csproj", "{37F00CB2-E4A0-45F7-9760-C7C0EA22E1A4}"
EndProject
Project("{FAE04EC0-301F-11D3-BF4B-00C04F79EFBC}") = "OnlineShop.Application", "src\OnlineShop.Application\OnlineShop.Application.csproj", "{9B09262C-10F7-43F6-9DDE-59AA4972611B}"
EndProject
Project("{FAE04EC0-301F-11D3-BF4B-00C04F79EFBC}") = "OnlineShop.Infrastructure", "src\OnlineShop.Infrastructure\OnlineShop.Infrastructure.csproj", "{18F2DAB3-53C2-4D52-AAC6-9DF63365FFE6}"
EndProject
Project("{FAE04EC0-301F-11D3-BF4B-00C04F79EFBC}") = "OnlineShop.WebApi", "src\OnlineShop.WebApi\OnlineShop.WebApi.csproj", "{518B9C9E-8EAE-4B32-8DDB-E0657FFC7D10}"
EndProject
Project("{E53339B2-1760-4266-BCC7-CA923CBCF16C}") = "docker-compose", "docker-compose.dcproj", "{CB103327-DDB8-40F9-B0B7-7A99AF622C48}"
EndProject
Project("{FAE04EC0-301F-11D3-BF4B-00C04F79EFBC}") = "OnlineShop.WebUI", "src\OnlineShop.WebUI\OnlineShop.WebUI.csproj", "{F683CC75-225F-4DB5-9035-9E65967121E5}"
EndProject
Global
	GlobalSection(SolutionConfigurationPlatforms) = preSolution
		Debug|Any CPU = Debug|Any CPU
		Release|Any CPU = Release|Any CPU
	EndGlobalSection
	GlobalSection(ProjectConfigurationPlatforms) = postSolution
		{37F00CB2-E4A0-45F7-9760-C7C0EA22E1A4}.Debug|Any CPU.ActiveCfg = Debug|Any CPU
		{37F00CB2-E4A0-45F7-9760-C7C0EA22E1A4}.Debug|Any CPU.Build.0 = Debug|Any CPU
		{37F00CB2-E4A0-45F7-9760-C7C0EA22E1A4}.Release|Any CPU.ActiveCfg = Release|Any CPU
		{37F00CB2-E4A0-45F7-9760-C7C0EA22E1A4}.Release|Any CPU.Build.0 = Release|Any CPU
		{9B09262C-10F7-43F6-9DDE-59AA4972611B}.Debug|Any CPU.ActiveCfg = Debug|Any CPU
		{9B09262C-10F7-43F6-9DDE-59AA4972611B}.Debug|Any CPU.Build.0 = Debug|Any CPU
		{9B09262C-10F7-43F6-9DDE-59AA4972611B}.Release|Any CPU.ActiveCfg = Release|Any CPU
		{9B09262C-10F7-43F6-9DDE-59AA4972611B}.Release|Any CPU.Build.0 = Release|Any CPU
		{18F2DAB3-53C2-4D52-AAC6-9DF63365FFE6}.Debug|Any CPU.ActiveCfg = Debug|Any CPU
		{18F2DAB3-53C2-4D52-AAC6-9DF63365FFE6}.Debug|Any CPU.Build.0 = Debug|Any CPU
		{18F2DAB3-53C2-4D52-AAC6-9DF63365FFE6}.Release|Any CPU.ActiveCfg = Release|Any CPU
		{18F2DAB3-53C2-4D52-AAC6-9DF63365FFE6}.Release|Any CPU.Build.0 = Release|Any CPU
		{518B9C9E-8EAE-4B32-8DDB-E0657FFC7D10}.Debug|Any CPU.ActiveCfg = Debug|Any CPU
		{518B9C9E-8EAE-4B32-8DDB-E0657FFC7D10}.Debug|Any CPU.Build.0 = Debug|Any CPU
		{518B9C9E-8EAE-4B32-8DDB-E0657FFC7D10}.Release|Any CPU.ActiveCfg = Release|Any CPU
		{518B9C9E-8EAE-4B32-8DDB-E0657FFC7D10}.Release|Any CPU.Build.0 = Release|Any CPU
		{CB103327-DDB8-40F9-B0B7-7A99AF622C48}.Debug|Any CPU.ActiveCfg = Debug|Any CPU
		{CB103327-DDB8-40F9-B0B7-7A99AF622C48}.Debug|Any CPU.Build.0 = Debug|Any CPU
		{CB103327-DDB8-40F9-B0B7-7A99AF622C48}.Release|Any CPU.ActiveCfg = Release|Any CPU
		{CB103327-DDB8-40F9-B0B7-7A99AF622C48}.Release|Any CPU.Build.0 = Release|Any CPU
		{F683CC75-225F-4DB5-9035-9E65967121E5}.Debug|Any CPU.ActiveCfg = Debug|Any CPU
		{F683CC75-225F-4DB5-9035-9E65967121E5}.Debug|Any CPU.Build.0 = Debug|Any CPU
		{F683CC75-225F-4DB5-9035-9E65967121E5}.Release|Any CPU.ActiveCfg = Release|Any CPU
		{F683CC75-225F-4DB5-9035-9E65967121E5}.Release|Any CPU.Build.0 = Release|Any CPU
	EndGlobalSection
	GlobalSection(SolutionProperties) = preSolution
		HideSolutionNode = FALSE
	EndGlobalSection
	GlobalSection(ExtensibilityGlobals) = postSolution
		SolutionGuid = {DC913870-AEF8-452F-9458-9FBECBA42990}
	EndGlobalSection
	GlobalSection(NestedProjects) = preSolution
		{37F00CB2-E4A0-45F7-9760-C7C0EA22E1A4} = {2FA3D992-197F-41CC-9041-67BE35BE9CC2}
		{9B09262C-10F7-43F6-9DDE-59AA4972611B} = {2FA3D992-197F-41CC-9041-67BE35BE9CC2}
		{18F2DAB3-53C2-4D52-AAC6-9DF63365FFE6} = {2FA3D992-197F-41CC-9041-67BE35BE9CC2}
		{518B9C9E-8EAE-4B32-8DDB-E0657FFC7D10} = {2FA3D992-197F-41CC-9041-67BE35BE9CC2}
		{F683CC75-225F-4DB5-9035-9E65967121E5} = {2FA3D992-197F-41CC-9041-67BE35BE9CC2}
	EndGlobalSection
EndGlobal
